# THIS IS AN AUTOGENERATED FILE. DO NOT EDIT THIS FILE DIRECTLY.
# yarn lockfile v1


arrow-js@^0.1.9:
  version "0.1.9"
  resolved "https://registry.yarnpkg.com/arrow-js/-/arrow-js-0.1.9.tgz#0adc95db9bb6fa59b066cf617c5b439e846948db"
  integrity sha512-vfphHhOw1aHccy9PGTwGsTbUCNEQ9Zu8MMwtaEvUbOKDN4REWHE0XmwsXXGFtMAH16yyQxJ0O6dJXBskd6Wt+w==
